
Microsoft Visual Studio Solution File, Format Version 12.00
# Visual Studio 14
VisualStudioVersion = 14.0.22823.1
MinimumVisualStudioVersion = 10.0.40219.1
Project("{FAE04EC0-301F-11D3-BF4B-00C04F79EFBC}") = "PaySharp", "PaySharp\PaySharp.csproj", "{57D2F454-5D50-440F-B576-16EDA9E7868D}"
EndProject
Project("{FAE04EC0-301F-11D3-BF4B-00C04F79EFBC}") = "PaySharp.Example", "PaySharp.Example\PaySharp.Example.csproj", "{479F2D01-2397-49AF-B190-EA292DC541A2}"
EndProject
Global
	GlobalSection(SolutionConfigurationPlatforms) = preSolution
		Debug|Any CPU = Debug|Any CPU
		Release|Any CPU = Release|Any CPU
	EndGlobalSection
	GlobalSection(ProjectConfigurationPlatforms) = postSolution
		{57D2F454-5D50-440F-B576-16EDA9E7868D}.Debug|Any CPU.ActiveCfg = Debug|Any CPU
		{57D2F454-5D50-440F-B576-16EDA9E7868D}.Debug|Any CPU.Build.0 = Debug|Any CPU
		{57D2F454-5D50-440F-B576-16EDA9E7868D}.Release|Any CPU.ActiveCfg = Release|Any CPU
		{57D2F454-5D50-440F-B576-16EDA9E7868D}.Release|Any CPU.Build.0 = Release|Any CPU
		{479F2D01-2397-49AF-B190-EA292DC541A2}.Debug|Any CPU.ActiveCfg = Debug|Any CPU
		{479F2D01-2397-49AF-B190-EA292DC541A2}.Debug|Any CPU.Build.0 = Debug|Any CPU
		{479F2D01-2397-49AF-B190-EA292DC541A2}.Release|Any CPU.ActiveCfg = Release|Any CPU
		{479F2D01-2397-49AF-B190-EA292DC541A2}.Release|Any CPU.Build.0 = Release|Any CPU
	EndGlobalSection
	GlobalSection(SolutionProperties) = preSolution
		HideSolutionNode = FALSE
	EndGlobalSection
EndGlobal
